// !$*UTF8*$!
{
	archiveVersion = 1;
	classes = {
	};
	objectVersion = 51;
	objects = {

/* Begin PBXBuildFile section */
		BB1B1EC283F5A78DDA05EC63 /* Pods_UNS.framework in Frameworks */ = {isa = PBXBuildFile; fileRef = E0D0D3CB79B796162B0161B5 /* Pods_UNS.framework */; };
		C33667DF23C2681900915ECD /* OSLog+.swift in Sources */ = {isa = PBXBuildFile; fileRef = C33667DE23C2681900915ECD /* OSLog+.swift */; };
		C33667E223C2682700915ECD /* News.swift in Sources */ = {isa = PBXBuildFile; fileRef = C33667E123C2682700915ECD /* News.swift */; };
		C33667E523C2682D00915ECD /* NewsService.swift in Sources */ = {isa = PBXBuildFile; fileRef = C33667E423C2682D00915ECD /* NewsService.swift */; };
		C36E1FE523D0C4C000644439 /* VIPER.swift in Sources */ = {isa = PBXBuildFile; fileRef = C36E1FE423D0C4C000644439 /* VIPER.swift */; };
		C36E1FE823D1F89800644439 /* Storyboarded.swift in Sources */ = {isa = PBXBuildFile; fileRef = C36E1FE723D1F89800644439 /* Storyboarded.swift */; };
		C36E1FEA23D1FF5100644439 /* MainTabBarController.swift in Sources */ = {isa = PBXBuildFile; fileRef = C36E1FE923D1FF5100644439 /* MainTabBarController.swift */; };
		C36E1FF023D21C7900644439 /* FeedDataSource.swift in Sources */ = {isa = PBXBuildFile; fileRef = C36E1FEF23D21C7900644439 /* FeedDataSource.swift */; };
		C3AB6E3223D6444E0021FE71 /* GradientView.swift in Sources */ = {isa = PBXBuildFile; fileRef = C3AB6E3123D6444E0021FE71 /* GradientView.swift */; };
		C3AB6E3423D6498E0021FE71 /* XibView.swift in Sources */ = {isa = PBXBuildFile; fileRef = C3AB6E3323D6498E0021FE71 /* XibView.swift */; };
		C3AB6E3B23D64D3E0021FE71 /* NewsCell.swift in Sources */ = {isa = PBXBuildFile; fileRef = C3AB6E3923D64D3E0021FE71 /* NewsCell.swift */; };
		C3AB6E3C23D64D3E0021FE71 /* NewsCell.xib in Resources */ = {isa = PBXBuildFile; fileRef = C3AB6E3A23D64D3E0021FE71 /* NewsCell.xib */; };
		C3B9BA4423B818340046139C /* AppDelegate.swift in Sources */ = {isa = PBXBuildFile; fileRef = C3B9BA4323B818340046139C /* AppDelegate.swift */; };
		C3B9BA4623B818340046139C /* SceneDelegate.swift in Sources */ = {isa = PBXBuildFile; fileRef = C3B9BA4523B818340046139C /* SceneDelegate.swift */; };
		C3B9BA4B23B818340046139C /* Main.storyboard in Resources */ = {isa = PBXBuildFile; fileRef = C3B9BA4923B818340046139C /* Main.storyboard */; };
		C3B9BA4D23B818350046139C /* Assets.xcassets in Resources */ = {isa = PBXBuildFile; fileRef = C3B9BA4C23B818350046139C /* Assets.xcassets */; };
		C3B9BA5023B818350046139C /* LaunchScreen.storyboard in Resources */ = {isa = PBXBuildFile; fileRef = C3B9BA4E23B818350046139C /* LaunchScreen.storyboard */; };
		C3B9BA6823B819F50046139C /* FeedRouter.swift in Sources */ = {isa = PBXBuildFile; fileRef = C3B9BA6323B819F50046139C /* FeedRouter.swift */; };
		C3B9BA6923B819F50046139C /* FeedPresenter.swift in Sources */ = {isa = PBXBuildFile; fileRef = C3B9BA6423B819F50046139C /* FeedPresenter.swift */; };
		C3B9BA6A23B819F50046139C /* FeedInteractor.swift in Sources */ = {isa = PBXBuildFile; fileRef = C3B9BA6523B819F50046139C /* FeedInteractor.swift */; };
		C3B9BA6B23B819F50046139C /* FeedModule.swift in Sources */ = {isa = PBXBuildFile; fileRef = C3B9BA6623B819F50046139C /* FeedModule.swift */; };
		C3B9BA6C23B819F50046139C /* FeedView.swift in Sources */ = {isa = PBXBuildFile; fileRef = C3B9BA6723B819F50046139C /* FeedView.swift */; };
		C3D3080E23DF4C3700A90B89 /* JSON+.swift in Sources */ = {isa = PBXBuildFile; fileRef = C3D3080D23DF4C3700A90B89 /* JSON+.swift */; };
/* End PBXBuildFile section */

/* Begin PBXFileReference section */
		7E6983FB309A1D2B1EECE3C9 /* Pods-UNS.debug.xcconfig */ = {isa = PBXFileReference; includeInIndex = 1; lastKnownFileType = text.xcconfig; name = "Pods-UNS.debug.xcconfig"; path = "Target Support Files/Pods-UNS/Pods-UNS.debug.xcconfig"; sourceTree = "<group>"; };
		7E94979C7484ADAEDCCDB078 /* Pods-UNS.release.xcconfig */ = {isa = PBXFileReference; includeInIndex = 1; lastKnownFileType = text.xcconfig; name = "Pods-UNS.release.xcconfig"; path = "Target Support Files/Pods-UNS/Pods-UNS.release.xcconfig"; sourceTree = "<group>"; };
		C33667DE23C2681900915ECD /* OSLog+.swift */ = {isa = PBXFileReference; fileEncoding = 4; lastKnownFileType = sourcecode.swift; path = "OSLog+.swift"; sourceTree = "<group>"; };
		C33667E123C2682700915ECD /* News.swift */ = {isa = PBXFileReference; fileEncoding = 4; lastKnownFileType = sourcecode.swift; path = News.swift; sourceTree = "<group>"; };
		C33667E423C2682D00915ECD /* NewsService.swift */ = {isa = PBXFileReference; fileEncoding = 4; lastKnownFileType = sourcecode.swift; path = NewsService.swift; sourceTree = "<group>"; };
		C36E1FE423D0C4C000644439 /* VIPER.swift */ = {isa = PBXFileReference; lastKnownFileType = sourcecode.swift; path = VIPER.swift; sourceTree = "<group>"; };
		C36E1FE723D1F89800644439 /* Storyboarded.swift */ = {isa = PBXFileReference; lastKnownFileType = sourcecode.swift; path = Storyboarded.swift; sourceTree = "<group>"; };
		C36E1FE923D1FF5100644439 /* MainTabBarController.swift */ = {isa = PBXFileReference; lastKnownFileType = sourcecode.swift; path = MainTabBarController.swift; sourceTree = "<group>"; };
		C36E1FEF23D21C7900644439 /* FeedDataSource.swift */ = {isa = PBXFileReference; lastKnownFileType = sourcecode.swift; path = FeedDataSource.swift; sourceTree = "<group>"; };
		C3AB6E3123D6444E0021FE71 /* GradientView.swift */ = {isa = PBXFileReference; lastKnownFileType = sourcecode.swift; path = GradientView.swift; sourceTree = "<group>"; };
		C3AB6E3323D6498E0021FE71 /* XibView.swift */ = {isa = PBXFileReference; lastKnownFileType = sourcecode.swift; path = XibView.swift; sourceTree = "<group>"; };
		C3AB6E3923D64D3E0021FE71 /* NewsCell.swift */ = {isa = PBXFileReference; lastKnownFileType = sourcecode.swift; path = NewsCell.swift; sourceTree = "<group>"; };
		C3AB6E3A23D64D3E0021FE71 /* NewsCell.xib */ = {isa = PBXFileReference; lastKnownFileType = file.xib; path = NewsCell.xib; sourceTree = "<group>"; };
		C3B9BA4023B818340046139C /* UNS.app */ = {isa = PBXFileReference; explicitFileType = wrapper.application; includeInIndex = 0; path = UNS.app; sourceTree = BUILT_PRODUCTS_DIR; };
		C3B9BA4323B818340046139C /* AppDelegate.swift */ = {isa = PBXFileReference; lastKnownFileType = sourcecode.swift; path = AppDelegate.swift; sourceTree = "<group>"; };
		C3B9BA4523B818340046139C /* SceneDelegate.swift */ = {isa = PBXFileReference; lastKnownFileType = sourcecode.swift; path = SceneDelegate.swift; sourceTree = "<group>"; };
		C3B9BA4A23B818340046139C /* Base */ = {isa = PBXFileReference; lastKnownFileType = file.storyboard; name = Base; path = Base.lproj/Main.storyboard; sourceTree = "<group>"; };
		C3B9BA4C23B818350046139C /* Assets.xcassets */ = {isa = PBXFileReference; lastKnownFileType = folder.assetcatalog; path = Assets.xcassets; sourceTree = "<group>"; };
		C3B9BA4F23B818350046139C /* Base */ = {isa = PBXFileReference; lastKnownFileType = file.storyboard; name = Base; path = Base.lproj/LaunchScreen.storyboard; sourceTree = "<group>"; };
		C3B9BA5123B818350046139C /* Info.plist */ = {isa = PBXFileReference; lastKnownFileType = text.plist.xml; path = Info.plist; sourceTree = "<group>"; };
		C3B9BA6323B819F50046139C /* FeedRouter.swift */ = {isa = PBXFileReference; fileEncoding = 4; lastKnownFileType = sourcecode.swift; path = FeedRouter.swift; sourceTree = "<group>"; };
		C3B9BA6423B819F50046139C /* FeedPresenter.swift */ = {isa = PBXFileReference; fileEncoding = 4; lastKnownFileType = sourcecode.swift; path = FeedPresenter.swift; sourceTree = "<group>"; };
		C3B9BA6523B819F50046139C /* FeedInteractor.swift */ = {isa = PBXFileReference; fileEncoding = 4; lastKnownFileType = sourcecode.swift; path = FeedInteractor.swift; sourceTree = "<group>"; };
		C3B9BA6623B819F50046139C /* FeedModule.swift */ = {isa = PBXFileReference; fileEncoding = 4; lastKnownFileType = sourcecode.swift; path = FeedModule.swift; sourceTree = "<group>"; };
		C3B9BA6723B819F50046139C /* FeedView.swift */ = {isa = PBXFileReference; fileEncoding = 4; lastKnownFileType = sourcecode.swift; path = FeedView.swift; sourceTree = "<group>"; };
		C3D3080D23DF4C3700A90B89 /* JSON+.swift */ = {isa = PBXFileReference; lastKnownFileType = sourcecode.swift; path = "JSON+.swift"; sourceTree = "<group>"; };
		E0D0D3CB79B796162B0161B5 /* Pods_UNS.framework */ = {isa = PBXFileReference; explicitFileType = wrapper.framework; includeInIndex = 0; path = Pods_UNS.framework; sourceTree = BUILT_PRODUCTS_DIR; };
/* End PBXFileReference section */

/* Begin PBXFrameworksBuildPhase section */
		C3B9BA3D23B818340046139C /* Frameworks */ = {
			isa = PBXFrameworksBuildPhase;
			buildActionMask = 2147483647;
			files = (
				BB1B1EC283F5A78DDA05EC63 /* Pods_UNS.framework in Frameworks */,
			);
			runOnlyForDeploymentPostprocessing = 0;
		};
/* End PBXFrameworksBuildPhase section */

/* Begin PBXGroup section */
		11E5E2B9D1B554BF250047D2 /* Frameworks */ = {
			isa = PBXGroup;
			children = (
				E0D0D3CB79B796162B0161B5 /* Pods_UNS.framework */,
			);
			name = Frameworks;
			sourceTree = "<group>";
		};
		8D09647263DC6729654B144D /* Pods */ = {
			isa = PBXGroup;
			children = (
				7E6983FB309A1D2B1EECE3C9 /* Pods-UNS.debug.xcconfig */,
				7E94979C7484ADAEDCCDB078 /* Pods-UNS.release.xcconfig */,
			);
			path = Pods;
			sourceTree = "<group>";
		};
		C33667DD23C2681900915ECD /* Extensions */ = {
			isa = PBXGroup;
			children = (
				C33667DE23C2681900915ECD /* OSLog+.swift */,
				C3D3080D23DF4C3700A90B89 /* JSON+.swift */,
			);
			path = Extensions;
			sourceTree = "<group>";
		};
		C33667E023C2682700915ECD /* Models */ = {
			isa = PBXGroup;
			children = (
				C33667E123C2682700915ECD /* News.swift */,
			);
			path = Models;
			sourceTree = "<group>";
		};
		C33667E323C2682D00915ECD /* Services */ = {
			isa = PBXGroup;
			children = (
				C33667E423C2682D00915ECD /* NewsService.swift */,
			);
			path = Services;
			sourceTree = "<group>";
		};
		C36E1FE623D0C77300644439 /* Protocols */ = {
			isa = PBXGroup;
			children = (
				C36E1FE423D0C4C000644439 /* VIPER.swift */,
				C36E1FE723D1F89800644439 /* Storyboarded.swift */,
			);
			path = Protocols;
			sourceTree = "<group>";
		};
		C36E1FED23D2182000644439 /* FeedTableView */ = {
			isa = PBXGroup;
			children = (
				C36E1FEF23D21C7900644439 /* FeedDataSource.swift */,
			);
			path = FeedTableView;
			sourceTree = "<group>";
		};
		C36E1FEE23D21BAF00644439 /* Common */ = {
			isa = PBXGroup;
			children = (
				C36E1FE623D0C77300644439 /* Protocols */,
				C33667DD23C2681900915ECD /* Extensions */,
			);
			path = Common;
			sourceTree = "<group>";
		};
		C3AB6E2923D639450021FE71 /* Xib */ = {
			isa = PBXGroup;
			children = (
				C3AB6E3A23D64D3E0021FE71 /* NewsCell.xib */,
			);
			name = Xib;
			sourceTree = "<group>";
		};
		C3AB6E2C23D639ED0021FE71 /* View */ = {
			isa = PBXGroup;
			children = (
				C3AB6E3123D6444E0021FE71 /* GradientView.swift */,
				C3AB6E3323D6498E0021FE71 /* XibView.swift */,
				C3AB6E3923D64D3E0021FE71 /* NewsCell.swift */,
			);
			path = View;
			sourceTree = "<group>";
		};
		C3B9BA3723B818340046139C = {
			isa = PBXGroup;
			children = (
				C3B9BA4223B818340046139C /* UNS */,
				C3B9BA4123B818340046139C /* Products */,
				8D09647263DC6729654B144D /* Pods */,
				11E5E2B9D1B554BF250047D2 /* Frameworks */,
			);
			sourceTree = "<group>";
		};
		C3B9BA4123B818340046139C /* Products */ = {
			isa = PBXGroup;
			children = (
				C3B9BA4023B818340046139C /* UNS.app */,
			);
			name = Products;
			sourceTree = "<group>";
		};
		C3B9BA4223B818340046139C /* UNS */ = {
			isa = PBXGroup;
			children = (
				C3B9BA5F23B819C60046139C /* Sources */,
				C3B9BA5A23B8187B0046139C /* Assets */,
				C3B9BA4323B818340046139C /* AppDelegate.swift */,
				C3B9BA4523B818340046139C /* SceneDelegate.swift */,
				C3B9BA4C23B818350046139C /* Assets.xcassets */,
			);
			path = UNS;
			sourceTree = "<group>";
		};
		C3B9BA5A23B8187B0046139C /* Assets */ = {
			isa = PBXGroup;
			children = (
				C3AB6E2923D639450021FE71 /* Xib */,
				C3B9BA4923B818340046139C /* Main.storyboard */,
				C3B9BA4E23B818350046139C /* LaunchScreen.storyboard */,
				C3B9BA5123B818350046139C /* Info.plist */,
			);
			name = Assets;
			sourceTree = "<group>";
		};
		C3B9BA5F23B819C60046139C /* Sources */ = {
			isa = PBXGroup;
			children = (
				C36E1FEE23D21BAF00644439 /* Common */,
				C33667E023C2682700915ECD /* Models */,
				C3B9BA6123B819E30046139C /* Modules */,
				C33667E323C2682D00915ECD /* Services */,
				C3AB6E2C23D639ED0021FE71 /* View */,
			);
			path = Sources;
			sourceTree = "<group>";
		};
		C3B9BA6123B819E30046139C /* Modules */ = {
			isa = PBXGroup;
			children = (
				C3B9BA6223B819EB0046139C /* Feed */,
				C36E1FE923D1FF5100644439 /* MainTabBarController.swift */,
			);
			path = Modules;
			sourceTree = "<group>";
		};
		C3B9BA6223B819EB0046139C /* Feed */ = {
			isa = PBXGroup;
			children = (
				C36E1FED23D2182000644439 /* FeedTableView */,
				C3B9BA6523B819F50046139C /* FeedInteractor.swift */,
				C3B9BA6623B819F50046139C /* FeedModule.swift */,
				C3B9BA6423B819F50046139C /* FeedPresenter.swift */,
				C3B9BA6323B819F50046139C /* FeedRouter.swift */,
				C3B9BA6723B819F50046139C /* FeedView.swift */,
			);
			path = Feed;
			sourceTree = "<group>";
		};
/* End PBXGroup section */

/* Begin PBXNativeTarget section */
		C3B9BA3F23B818340046139C /* UNS */ = {
			isa = PBXNativeTarget;
			buildConfigurationList = C3B9BA5423B818350046139C /* Build configuration list for PBXNativeTarget "UNS" */;
			buildPhases = (
				2BBD439EFC82B47EED7960D5 /* [CP] Check Pods Manifest.lock */,
				C3B9BA3C23B818340046139C /* Sources */,
				C3B9BA3D23B818340046139C /* Frameworks */,
				C3B9BA3E23B818340046139C /* Resources */,
				C952A98B7E5A3CF54694A438 /* [CP] Embed Pods Frameworks */,
			);
			buildRules = (
			);
			dependencies = (
			);
			name = UNS;
			productName = UNS;
			productReference = C3B9BA4023B818340046139C /* UNS.app */;
			productType = "com.apple.product-type.application";
		};
/* End PBXNativeTarget section */

/* Begin PBXProject section */
		C3B9BA3823B818340046139C /* Project object */ = {
			isa = PBXProject;
			attributes = {
				LastSwiftUpdateCheck = 1120;
				LastUpgradeCheck = 1120;
				ORGANIZATIONNAME = "San Byn Nguyen";
				TargetAttributes = {
					C3B9BA3F23B818340046139C = {
						CreatedOnToolsVersion = 11.2.1;
					};
				};
			};
			buildConfigurationList = C3B9BA3B23B818340046139C /* Build configuration list for PBXProject "UNS" */;
			compatibilityVersion = "Xcode 9.3";
			developmentRegion = en;
			hasScannedForEncodings = 0;
			knownRegions = (
				en,
				Base,
			);
			mainGroup = C3B9BA3723B818340046139C;
			productRefGroup = C3B9BA4123B818340046139C /* Products */;
			projectDirPath = "";
			projectRoot = "";
			targets = (
				C3B9BA3F23B818340046139C /* UNS */,
			);
		};
/* End PBXProject section */

/* Begin PBXResourcesBuildPhase section */
		C3B9BA3E23B818340046139C /* Resources */ = {
			isa = PBXResourcesBuildPhase;
			buildActionMask = 2147483647;
			files = (
				C3B9BA5023B818350046139C /* LaunchScreen.storyboard in Resources */,
				C3B9BA4D23B818350046139C /* Assets.xcassets in Resources */,
				C3AB6E3C23D64D3E0021FE71 /* NewsCell.xib in Resources */,
				C3B9BA4B23B818340046139C /* Main.storyboard in Resources */,
			);
			runOnlyForDeploymentPostprocessing = 0;
		};
/* End PBXResourcesBuildPhase section */

/* Begin PBXShellScriptBuildPhase section */
		2BBD439EFC82B47EED7960D5 /* [CP] Check Pods Manifest.lock */ = {
			isa = PBXShellScriptBuildPhase;
			buildActionMask = 2147483647;
			files = (
			);
			inputFileListPaths = (
			);
			inputPaths = (
				"${PODS_PODFILE_DIR_PATH}/Podfile.lock",
				"${PODS_ROOT}/Manifest.lock",
			);
			name = "[CP] Check Pods Manifest.lock";
			outputFileListPaths = (
			);
			outputPaths = (
				"$(DERIVED_FILE_DIR)/Pods-UNS-checkManifestLockResult.txt",
			);
			runOnlyForDeploymentPostprocessing = 0;
			shellPath = /bin/sh;
			shellScript = "diff \"${PODS_PODFILE_DIR_PATH}/Podfile.lock\" \"${PODS_ROOT}/Manifest.lock\" > /dev/null\nif [ $? != 0 ] ; then\n    # print error to STDERR\n    echo \"error: The sandbox is not in sync with the Podfile.lock. Run 'pod install' or update your CocoaPods installation.\" >&2\n    exit 1\nfi\n# This output is used by Xcode 'outputs' to avoid re-running this script phase.\necho \"SUCCESS\" > \"${SCRIPT_OUTPUT_FILE_0}\"\n";
			showEnvVarsInLog = 0;
		};
		C952A98B7E5A3CF54694A438 /* [CP] Embed Pods Frameworks */ = {
			isa = PBXShellScriptBuildPhase;
			buildActionMask = 2147483647;
			files = (
			);
			inputFileListPaths = (
				"${PODS_ROOT}/Target Support Files/Pods-UNS/Pods-UNS-frameworks-${CONFIGURATION}-input-files.xcfilelist",
			);
			name = "[CP] Embed Pods Frameworks";
			outputFileListPaths = (
				"${PODS_ROOT}/Target Support Files/Pods-UNS/Pods-UNS-frameworks-${CONFIGURATION}-output-files.xcfilelist",
			);
			runOnlyForDeploymentPostprocessing = 0;
			shellPath = /bin/sh;
			shellScript = "\"${PODS_ROOT}/Target Support Files/Pods-UNS/Pods-UNS-frameworks.sh\"\n";
			showEnvVarsInLog = 0;
		};
/* End PBXShellScriptBuildPhase section */

/* Begin PBXSourcesBuildPhase section */
		C3B9BA3C23B818340046139C /* Sources */ = {
			isa = PBXSourcesBuildPhase;
			buildActionMask = 2147483647;
			files = (
				C33667E523C2682D00915ECD /* NewsService.swift in Sources */,
				C3B9BA6C23B819F50046139C /* FeedView.swift in Sources */,
				C3B9BA6823B819F50046139C /* FeedRouter.swift in Sources */,
				C3B9BA6A23B819F50046139C /* FeedInteractor.swift in Sources */,
				C3AB6E3423D6498E0021FE71 /* XibView.swift in Sources */,
				C36E1FF023D21C7900644439 /* FeedDataSource.swift in Sources */,
				C33667E223C2682700915ECD /* News.swift in Sources */,
				C3B9BA4423B818340046139C /* AppDelegate.swift in Sources */,
				C3B9BA6B23B819F50046139C /* FeedModule.swift in Sources */,
				C36E1FEA23D1FF5100644439 /* MainTabBarController.swift in Sources */,
				C3B9BA6923B819F50046139C /* FeedPresenter.swift in Sources */,
				C33667DF23C2681900915ECD /* OSLog+.swift in Sources */,
				C3AB6E3223D6444E0021FE71 /* GradientView.swift in Sources */,
				C3D3080E23DF4C3700A90B89 /* JSON+.swift in Sources */,
				C3AB6E3B23D64D3E0021FE71 /* NewsCell.swift in Sources */,
				C36E1FE523D0C4C000644439 /* VIPER.swift in Sources */,
				C3B9BA4623B818340046139C /* SceneDelegate.swift in Sources */,
				C36E1FE823D1F89800644439 /* Storyboarded.swift in Sources */,
			);
			runOnlyForDeploymentPostprocessing = 0;
		};
/* End PBXSourcesBuildPhase section */

/* Begin PBXVariantGroup section */
		C3B9BA4923B818340046139C /* Main.storyboard */ = {
			isa = PBXVariantGroup;
			children = (
				C3B9BA4A23B818340046139C /* Base */,
			);
			name = Main.storyboard;
			sourceTree = "<group>";
		};
		C3B9BA4E23B818350046139C /* LaunchScreen.storyboard */ = {
			isa = PBXVariantGroup;
			children = (
				C3B9BA4F23B818350046139C /* Base */,
			);
			name = LaunchScreen.storyboard;
			sourceTree = "<group>";
		};
/* End PBXVariantGroup section */

/* Begin XCBuildConfiguration section */
		C3B9BA5223B818350046139C /* Debug */ = {
			isa = XCBuildConfiguration;
			buildSettings = {
				ALWAYS_SEARCH_USER_PATHS = NO;
				CLANG_ANALYZER_NONNULL = YES;
				CLANG_ANALYZER_NUMBER_OBJECT_CONVERSION = YES_AGGRESSIVE;
				CLANG_CXX_LANGUAGE_STANDARD = "gnu++14";
				CLANG_CXX_LIBRARY = "libc++";
				CLANG_ENABLE_MODULES = YES;
				CLANG_ENABLE_OBJC_ARC = YES;
				CLANG_ENABLE_OBJC_WEAK = YES;
				CLANG_WARN_BLOCK_CAPTURE_AUTORELEASING = YES;
				CLANG_WARN_BOOL_CONVERSION = YES;
				CLANG_WARN_COMMA = YES;
				CLANG_WARN_CONSTANT_CONVERSION = YES;
				CLANG_WARN_DEPRECATED_OBJC_IMPLEMENTATIONS = YES;
				CLANG_WARN_DIRECT_OBJC_ISA_USAGE = YES_ERROR;
				CLANG_WARN_DOCUMENTATION_COMMENTS = YES;
				CLANG_WARN_EMPTY_BODY = YES;
				CLANG_WARN_ENUM_CONVERSION = YES;
				CLANG_WARN_INFINITE_RECURSION = YES;
				CLANG_WARN_INT_CONVERSION = YES;
				CLANG_WARN_NON_LITERAL_NULL_CONVERSION = YES;
				CLANG_WARN_OBJC_IMPLICIT_RETAIN_SELF = YES;
				CLANG_WARN_OBJC_LITERAL_CONVERSION = YES;
				CLANG_WARN_OBJC_ROOT_CLASS = YES_ERROR;
				CLANG_WARN_RANGE_LOOP_ANALYSIS = YES;
				CLANG_WARN_STRICT_PROTOTYPES = YES;
				CLANG_WARN_SUSPICIOUS_MOVE = YES;
				CLANG_WARN_UNGUARDED_AVAILABILITY = YES_AGGRESSIVE;
				CLANG_WARN_UNREACHABLE_CODE = YES;
				CLANG_WARN__DUPLICATE_METHOD_MATCH = YES;
				COPY_PHASE_STRIP = NO;
				DEBUG_INFORMATION_FORMAT = dwarf;
				ENABLE_STRICT_OBJC_MSGSEND = YES;
				ENABLE_TESTABILITY = YES;
				GCC_C_LANGUAGE_STANDARD = gnu11;
				GCC_DYNAMIC_NO_PIC = NO;
				GCC_NO_COMMON_BLOCKS = YES;
				GCC_OPTIMIZATION_LEVEL = 0;
				GCC_PREPROCESSOR_DEFINITIONS = (
					"DEBUG=1",
					"$(inherited)",
				);
				GCC_WARN_64_TO_32_BIT_CONVERSION = YES;
				GCC_WARN_ABOUT_RETURN_TYPE = YES_ERROR;
				GCC_WARN_UNDECLARED_SELECTOR = YES;
				GCC_WARN_UNINITIALIZED_AUTOS = YES_AGGRESSIVE;
				GCC_WARN_UNUSED_FUNCTION = YES;
				GCC_WARN_UNUSED_VARIABLE = YES;
				IPHONEOS_DEPLOYMENT_TARGET = 13.2;
				MTL_ENABLE_DEBUG_INFO = INCLUDE_SOURCE;
				MTL_FAST_MATH = YES;
				ONLY_ACTIVE_ARCH = YES;
				SDKROOT = iphoneos;
				SWIFT_ACTIVE_COMPILATION_CONDITIONS = DEBUG;
				SWIFT_OPTIMIZATION_LEVEL = "-Onone";
			};
			name = Debug;
		};
		C3B9BA5323B818350046139C /* Release */ = {
			isa = XCBuildConfiguration;
			buildSettings = {
				ALWAYS_SEARCH_USER_PATHS = NO;
				CLANG_ANALYZER_NONNULL = YES;
				CLANG_ANALYZER_NUMBER_OBJECT_CONVERSION = YES_AGGRESSIVE;
				CLANG_CXX_LANGUAGE_STANDARD = "gnu++14";
				CLANG_CXX_LIBRARY = "libc++";
				CLANG_ENABLE_MODULES = YES;
				CLANG_ENABLE_OBJC_ARC = YES;
				CLANG_ENABLE_OBJC_WEAK = YES;
				CLANG_WARN_BLOCK_CAPTURE_AUTORELEASING = YES;
				CLANG_WARN_BOOL_CONVERSION = YES;
				CLANG_WARN_COMMA = YES;
				CLANG_WARN_CONSTANT_CONVERSION = YES;
				CLANG_WARN_DEPRECATED_OBJC_IMPLEMENTATIONS = YES;
				CLANG_WARN_DIRECT_OBJC_ISA_USAGE = YES_ERROR;
				CLANG_WARN_DOCUMENTATION_COMMENTS = YES;
				CLANG_WARN_EMPTY_BODY = YES;
				CLANG_WARN_ENUM_CONVERSION = YES;
				CLANG_WARN_INFINITE_RECURSION = YES;
				CLANG_WARN_INT_CONVERSION = YES;
				CLANG_WARN_NON_LITERAL_NULL_CONVERSION = YES;
				CLANG_WARN_OBJC_IMPLICIT_RETAIN_SELF = YES;
				CLANG_WARN_OBJC_LITERAL_CONVERSION = YES;
				CLANG_WARN_OBJC_ROOT_CLASS = YES_ERROR;
				CLANG_WARN_RANGE_LOOP_ANALYSIS = YES;
				CLANG_WARN_STRICT_PROTOTYPES = YES;
				CLANG_WARN_SUSPICIOUS_MOVE = YES;
				CLANG_WARN_UNGUARDED_AVAILABILITY = YES_AGGRESSIVE;
				CLANG_WARN_UNREACHABLE_CODE = YES;
				CLANG_WARN__DUPLICATE_METHOD_MATCH = YES;
				COPY_PHASE_STRIP = NO;
				DEBUG_INFORMATION_FORMAT = "dwarf-with-dsym";
				ENABLE_NS_ASSERTIONS = NO;
				ENABLE_STRICT_OBJC_MSGSEND = YES;
				GCC_C_LANGUAGE_STANDARD = gnu11;
				GCC_NO_COMMON_BLOCKS = YES;
				GCC_WARN_64_TO_32_BIT_CONVERSION = YES;
				GCC_WARN_ABOUT_RETURN_TYPE = YES_ERROR;
				GCC_WARN_UNDECLARED_SELECTOR = YES;
				GCC_WARN_UNINITIALIZED_AUTOS = YES_AGGRESSIVE;
				GCC_WARN_UNUSED_FUNCTION = YES;
				GCC_WARN_UNUSED_VARIABLE = YES;
				IPHONEOS_DEPLOYMENT_TARGET = 13.2;
				MTL_ENABLE_DEBUG_INFO = NO;
				MTL_FAST_MATH = YES;
				SDKROOT = iphoneos;
				SWIFT_COMPILATION_MODE = wholemodule;
				SWIFT_OPTIMIZATION_LEVEL = "-O";
				VALIDATE_PRODUCT = YES;
			};
			name = Release;
		};
		C3B9BA5523B818350046139C /* Debug */ = {
			isa = XCBuildConfiguration;
			baseConfigurationReference = 7E6983FB309A1D2B1EECE3C9 /* Pods-UNS.debug.xcconfig */;
			buildSettings = {
				ASSETCATALOG_COMPILER_APPICON_NAME = AppIcon;
				CODE_SIGN_STYLE = Automatic;
				DEVELOPMENT_TEAM = WMEG8D675T;
				INFOPLIST_FILE = UNS/Info.plist;
				LD_RUNPATH_SEARCH_PATHS = (
					"$(inherited)",
					"@executable_path/Frameworks",
				);
				PRODUCT_BUNDLE_IDENTIFIER = ua.nguyen.UNS;
				PRODUCT_NAME = "$(TARGET_NAME)";
				SWIFT_VERSION = 5.0;
				TARGETED_DEVICE_FAMILY = "1,2";
			};
			name = Debug;
		};
		C3B9BA5623B818350046139C /* Release */ = {
			isa = XCBuildConfiguration;
			baseConfigurationReference = 7E94979C7484ADAEDCCDB078 /* Pods-UNS.release.xcconfig */;
			buildSettings = {
				ASSETCATALOG_COMPILER_APPICON_NAME = AppIcon;
				CODE_SIGN_STYLE = Automatic;
				DEVELOPMENT_TEAM = WMEG8D675T;
				INFOPLIST_FILE = UNS/Info.plist;
				LD_RUNPATH_SEARCH_PATHS = (
					"$(inherited)",
					"@executable_path/Frameworks",
				);
				PRODUCT_BUNDLE_IDENTIFIER = ua.nguyen.UNS;
				PRODUCT_NAME = "$(TARGET_NAME)";
				SWIFT_VERSION = 5.0;
				TARGETED_DEVICE_FAMILY = "1,2";
			};
			name = Release;
		};
/* End XCBuildConfiguration section */

/* Begin XCConfigurationList section */
		C3B9BA3B23B818340046139C /* Build configuration list for PBXProject "UNS" */ = {
			isa = XCConfigurationList;
			buildConfigurations = (
				C3B9BA5223B818350046139C /* Debug */,
				C3B9BA5323B818350046139C /* Release */,
			);
			defaultConfigurationIsVisible = 0;
			defaultConfigurationName = Release;
		};
		C3B9BA5423B818350046139C /* Build configuration list for PBXNativeTarget "UNS" */ = {
			isa = XCConfigurationList;
			buildConfigurations = (
				C3B9BA5523B818350046139C /* Debug */,
				C3B9BA5623B818350046139C /* Release */,
			);
			defaultConfigurationIsVisible = 0;
			defaultConfigurationName = Release;
		};
/* End XCConfigurationList section */
	};
	rootObject = C3B9BA3823B818340046139C /* Project object */;
}
